{
  "name": "usePackage",
  "version": "1.0.0",
  "lockfileVersion": 2,
  "requires": true,
  "packages": {
    "": {
      "version": "1.0.0",
      "license": "ISC",
      "dependencies": {
        "random-messages-coderhouse": "^1.0.1"
      }
    },
    "node_modules/random-messages-coderhouse": {
      "version": "1.0.1",
      "resolved": "https://registry.npmjs.org/random-messages-coderhouse/-/random-messages-coderhouse-1.0.1.tgz",
      "integrity": "sha512-kcRthczdlDpBXJhtY1uo5vujBeP2ctquJYdK/zFY8uinf+7h5qTQ20Hwth/Llv77Zku4dwxgcL0t5lPOWgwqqA=="
    }
  },
  "dependencies": {
    "random-messages-coderhouse": {
      "version": "1.0.1",
      "resolved": "https://registry.npmjs.org/random-messages-coderhouse/-/random-messages-coderhouse-1.0.1.tgz",
      "integrity": "sha512-kcRthczdlDpBXJhtY1uo5vujBeP2ctquJYdK/zFY8uinf+7h5qTQ20Hwth/Llv77Zku4dwxgcL0t5lPOWgwqqA=="
    }
  }
}
